// !$*UTF8*$!
{
	archiveVersion = 1;
	classes = {
	};
	objectVersion = 56;
	objects = {

/* Begin PBXBuildFile section */
		99240E872CF8211A00704FA5 /* PhotoPicker.swift in Sources */ = {isa = PBXBuildFile; fileRef = 99240E862CF8211A00704FA5 /* PhotoPicker.swift */; };
		9944DDC82CF7D8300024C310 /* waste_classifyApp.swift in Sources */ = {isa = PBXBuildFile; fileRef = 9944DDC72CF7D8300024C310 /* waste_classifyApp.swift */; };
		9944DDCA2CF7D8300024C310 /* ContentView.swift in Sources */ = {isa = PBXBuildFile; fileRef = 9944DDC92CF7D8300024C310 /* ContentView.swift */; };
		9944DDCC2CF7D8330024C310 /* Assets.xcassets in Resources */ = {isa = PBXBuildFile; fileRef = 9944DDCB2CF7D8330024C310 /* Assets.xcassets */; };
		9944DDCF2CF7D8330024C310 /* Preview Assets.xcassets in Resources */ = {isa = PBXBuildFile; fileRef = 9944DDCE2CF7D8330024C310 /* Preview Assets.xcassets */; };
		996B89222D02DA8F00BADFCE /* WasteClassifierML Iteration 25.json in Resources */ = {isa = PBXBuildFile; fileRef = 996B890A2D02DA8E00BADFCE /* WasteClassifierML Iteration 25.json */; };
		996B89232D02DA8F00BADFCE /* WasteClassifierML Iteration 25.mlmodel in Sources */ = {isa = PBXBuildFile; fileRef = 996B890B2D02DA8E00BADFCE /* WasteClassifierML Iteration 25.mlmodel */; };
		996B89242D02DA8F00BADFCE /* Project.json in Resources */ = {isa = PBXBuildFile; fileRef = 996B890C2D02DA8E00BADFCE /* Project.json */; };
		996B89252D02DA8F00BADFCE /* train.json in Resources */ = {isa = PBXBuildFile; fileRef = 996B890E2D02DA8E00BADFCE /* train.json */; };
		996B89262D02DA8F00BADFCE /* TrashType_Image_Dataset.json in Resources */ = {isa = PBXBuildFile; fileRef = 996B890F2D02DA8E00BADFCE /* TrashType_Image_Dataset.json */; };
		996B89272D02DA8F00BADFCE /* New Folder With Items.json in Resources */ = {isa = PBXBuildFile; fileRef = 996B89102D02DA8E00BADFCE /* New Folder With Items.json */; };
		996B89282D02DA8F00BADFCE /* testing_data_trashtype.json in Resources */ = {isa = PBXBuildFile; fileRef = 996B89112D02DA8E00BADFCE /* testing_data_trashtype.json */; };
		996B89292D02DA8F00BADFCE /* WasteClassifierML.json in Resources */ = {isa = PBXBuildFile; fileRef = 996B89132D02DA8E00BADFCE /* WasteClassifierML.json */; };
		996B892A2D02DA8F00BADFCE /* checkpointModel.mlmodel in Sources */ = {isa = PBXBuildFile; fileRef = 996B89172D02DA8E00BADFCE /* checkpointModel.mlmodel */; };
		996B892B2D02DA8F00BADFCE /* features.bin in Resources */ = {isa = PBXBuildFile; fileRef = 996B891A2D02DA8E00BADFCE /* features.bin */; };
		996B892C2D02DA8F00BADFCE /* metadata.json in Resources */ = {isa = PBXBuildFile; fileRef = 996B891B2D02DA8E00BADFCE /* metadata.json */; };
		996B892D2D02DA8F00BADFCE /* parameters.plist in Resources */ = {isa = PBXBuildFile; fileRef = 996B891C2D02DA8E00BADFCE /* parameters.plist */; };
		996B892E2D02DA8F00BADFCE /* model.pkg in Resources */ = {isa = PBXBuildFile; fileRef = 996B891E2D02DA8E00BADFCE /* model.pkg */; };
		996B892F2D02DA8F00BADFCE /* meta.plist in Resources */ = {isa = PBXBuildFile; fileRef = 996B891F2D02DA8E00BADFCE /* meta.plist */; };
		996B89302D02DA8F00BADFCE /* WasteClassifierML.mlmodel in Sources */ = {isa = PBXBuildFile; fileRef = 996B89212D02DA8E00BADFCE /* WasteClassifierML.mlmodel */; };
/* End PBXBuildFile section */

/* Begin PBXFileReference section */
		99240E862CF8211A00704FA5 /* PhotoPicker.swift */ = {isa = PBXFileReference; lastKnownFileType = sourcecode.swift; path = PhotoPicker.swift; sourceTree = "<group>"; };
		9944DDC42CF7D8300024C310 /* waste_classify.app */ = {isa = PBXFileReference; explicitFileType = wrapper.application; includeInIndex = 0; path = waste_classify.app; sourceTree = BUILT_PRODUCTS_DIR; };
		9944DDC72CF7D8300024C310 /* waste_classifyApp.swift */ = {isa = PBXFileReference; lastKnownFileType = sourcecode.swift; path = waste_classifyApp.swift; sourceTree = "<group>"; };
		9944DDC92CF7D8300024C310 /* ContentView.swift */ = {isa = PBXFileReference; lastKnownFileType = sourcecode.swift; path = ContentView.swift; sourceTree = "<group>"; };
		9944DDCB2CF7D8330024C310 /* Assets.xcassets */ = {isa = PBXFileReference; lastKnownFileType = folder.assetcatalog; path = Assets.xcassets; sourceTree = "<group>"; };
		9944DDCE2CF7D8330024C310 /* Preview Assets.xcassets */ = {isa = PBXFileReference; lastKnownFileType = folder.assetcatalog; path = "Preview Assets.xcassets"; sourceTree = "<group>"; };
		996B890A2D02DA8E00BADFCE /* WasteClassifierML Iteration 25.json */ = {isa = PBXFileReference; fileEncoding = 4; lastKnownFileType = text.json; path = "WasteClassifierML Iteration 25.json"; sourceTree = "<group>"; };
		996B890B2D02DA8E00BADFCE /* WasteClassifierML Iteration 25.mlmodel */ = {isa = PBXFileReference; lastKnownFileType = file.mlmodel; path = "WasteClassifierML Iteration 25.mlmodel"; sourceTree = "<group>"; };
		996B890C2D02DA8E00BADFCE /* Project.json */ = {isa = PBXFileReference; fileEncoding = 4; lastKnownFileType = text.json; path = Project.json; sourceTree = "<group>"; };
		996B890E2D02DA8E00BADFCE /* train.json */ = {isa = PBXFileReference; fileEncoding = 4; lastKnownFileType = text.json; path = train.json; sourceTree = "<group>"; };
		996B890F2D02DA8E00BADFCE /* TrashType_Image_Dataset.json */ = {isa = PBXFileReference; fileEncoding = 4; lastKnownFileType = text.json; path = TrashType_Image_Dataset.json; sourceTree = "<group>"; };
		996B89102D02DA8E00BADFCE /* New Folder With Items.json */ = {isa = PBXFileReference; fileEncoding = 4; lastKnownFileType = text.json; path = "New Folder With Items.json"; sourceTree = "<group>"; };
		996B89112D02DA8E00BADFCE /* testing_data_trashtype.json */ = {isa = PBXFileReference; fileEncoding = 4; lastKnownFileType = text.json; path = testing_data_trashtype.json; sourceTree = "<group>"; };
		996B89132D02DA8E00BADFCE /* WasteClassifierML.json */ = {isa = PBXFileReference; fileEncoding = 4; lastKnownFileType = text.json; path = WasteClassifierML.json; sourceTree = "<group>"; };
		996B89172D02DA8E00BADFCE /* checkpointModel.mlmodel */ = {isa = PBXFileReference; lastKnownFileType = file.mlmodel; path = checkpointModel.mlmodel; sourceTree = "<group>"; };
		996B891A2D02DA8E00BADFCE /* features.bin */ = {isa = PBXFileReference; lastKnownFileType = archive.macbinary; path = features.bin; sourceTree = "<group>"; };
		996B891B2D02DA8E00BADFCE /* metadata.json */ = {isa = PBXFileReference; fileEncoding = 4; lastKnownFileType = text.json; path = metadata.json; sourceTree = "<group>"; };
		996B891C2D02DA8E00BADFCE /* parameters.plist */ = {isa = PBXFileReference; lastKnownFileType = file.bplist; path = parameters.plist; sourceTree = "<group>"; };
		996B891E2D02DA8E00BADFCE /* model.pkg */ = {isa = PBXFileReference; lastKnownFileType = "wrapper.installer-pkg"; path = model.pkg; sourceTree = "<group>"; };
		996B891F2D02DA8E00BADFCE /* meta.plist */ = {isa = PBXFileReference; lastKnownFileType = file.bplist; path = meta.plist; sourceTree = "<group>"; };
		996B89212D02DA8E00BADFCE /* WasteClassifierML.mlmodel */ = {isa = PBXFileReference; lastKnownFileType = file.mlmodel; path = WasteClassifierML.mlmodel; sourceTree = "<group>"; };
/* End PBXFileReference section */

/* Begin PBXFrameworksBuildPhase section */
		9944DDC12CF7D8300024C310 /* Frameworks */ = {
			isa = PBXFrameworksBuildPhase;
			buildActionMask = 2147483647;
			files = (
			);
			runOnlyForDeploymentPostprocessing = 0;
		};
/* End PBXFrameworksBuildPhase section */

/* Begin PBXGroup section */
		9944DDBB2CF7D8300024C310 = {
			isa = PBXGroup;
			children = (
				996B88FC2D02D5B100BADFCE /* model */,
				9944DDC62CF7D8300024C310 /* waste_classify */,
				9944DDC52CF7D8300024C310 /* Products */,
			);
			sourceTree = "<group>";
		};
		9944DDC52CF7D8300024C310 /* Products */ = {
			isa = PBXGroup;
			children = (
				9944DDC42CF7D8300024C310 /* waste_classify.app */,
			);
			name = Products;
			sourceTree = "<group>";
		};
		9944DDC62CF7D8300024C310 /* waste_classify */ = {
			isa = PBXGroup;
			children = (
				9944DDC72CF7D8300024C310 /* waste_classifyApp.swift */,
				99240E862CF8211A00704FA5 /* PhotoPicker.swift */,
				9944DDC92CF7D8300024C310 /* ContentView.swift */,
				9944DDCB2CF7D8330024C310 /* Assets.xcassets */,
				9944DDCD2CF7D8330024C310 /* Preview Content */,
			);
			path = waste_classify;
			sourceTree = "<group>";
		};
		9944DDCD2CF7D8330024C310 /* Preview Content */ = {
			isa = PBXGroup;
			children = (
				9944DDCE2CF7D8330024C310 /* Preview Assets.xcassets */,
			);
			path = "Preview Content";
			sourceTree = "<group>";
		};
		996B88FC2D02D5B100BADFCE /* model */ = {
			isa = PBXGroup;
			children = (
				996B89212D02DA8E00BADFCE /* WasteClassifierML.mlmodel */,
				996B89082D02DA8E00BADFCE /* WasteClassifierModel.mlmodel */,
			);
			path = model;
			sourceTree = "<group>";
		};
		996B89082D02DA8E00BADFCE /* WasteClassifierModel.mlmodel */ = {
			isa = PBXGroup;
			children = (
				996B89092D02DA8E00BADFCE /* Snapshots */,
				996B890C2D02DA8E00BADFCE /* Project.json */,
				996B890D2D02DA8E00BADFCE /* Data Sources */,
				996B89122D02DA8E00BADFCE /* Model Containers */,
				996B89142D02DA8E00BADFCE /* Checkpoints */,
				996B89202D02DA8E00BADFCE /* Models */,
			);
			name = WasteClassifierModel.mlmodel;
			path = waste_classify/WasteClassifierModel.mlmodel;
			sourceTree = SOURCE_ROOT;
		};
		996B89092D02DA8E00BADFCE /* Snapshots */ = {
			isa = PBXGroup;
			children = (
				996B890A2D02DA8E00BADFCE /* WasteClassifierML Iteration 25.json */,
				996B890B2D02DA8E00BADFCE /* WasteClassifierML Iteration 25.mlmodel */,
			);
			path = Snapshots;
			sourceTree = "<group>";
		};
		996B890D2D02DA8E00BADFCE /* Data Sources */ = {
			isa = PBXGroup;
			children = (
				996B890E2D02DA8E00BADFCE /* train.json */,
				996B890F2D02DA8E00BADFCE /* TrashType_Image_Dataset.json */,
				996B89102D02DA8E00BADFCE /* New Folder With Items.json */,
				996B89112D02DA8E00BADFCE /* testing_data_trashtype.json */,
			);
			path = "Data Sources";
			sourceTree = "<group>";
		};
		996B89122D02DA8E00BADFCE /* Model Containers */ = {
			isa = PBXGroup;
			children = (
				996B89132D02DA8E00BADFCE /* WasteClassifierML.json */,
			);
			path = "Model Containers";
			sourceTree = "<group>";
		};
		996B89142D02DA8E00BADFCE /* Checkpoints */ = {
			isa = PBXGroup;
			children = (
				996B89152D02DA8E00BADFCE /* 988E812B-CC2A-4DD4-A879-E63906042402.WasteClassifier1.checkpoint */,
			);
			path = Checkpoints;
			sourceTree = "<group>";
		};
		996B89152D02DA8E00BADFCE /* 988E812B-CC2A-4DD4-A879-E63906042402.WasteClassifier1.checkpoint */ = {
			isa = PBXGroup;
			children = (
				996B89162D02DA8E00BADFCE /* training-000000050.checkpoint.model */,
				996B89182D02DA8E00BADFCE /* extracting-000002278.checkpoint */,
				996B891C2D02DA8E00BADFCE /* parameters.plist */,
				996B891D2D02DA8E00BADFCE /* training-000000050.checkpoint */,
				996B891F2D02DA8E00BADFCE /* meta.plist */,
			);
			path = "988E812B-CC2A-4DD4-A879-E63906042402.WasteClassifier1.checkpoint";
			sourceTree = "<group>";
		};
		996B89162D02DA8E00BADFCE /* training-000000050.checkpoint.model */ = {
			isa = PBXGroup;
			children = (
				996B89172D02DA8E00BADFCE /* checkpointModel.mlmodel */,
			);
			path = "training-000000050.checkpoint.model";
			sourceTree = "<group>";
		};
		996B89182D02DA8E00BADFCE /* extracting-000002278.checkpoint */ = {
			isa = PBXGroup;
			children = (
				996B89192D02DA8E00BADFCE /* training */,
			);
			path = "extracting-000002278.checkpoint";
			sourceTree = "<group>";
		};
		996B89192D02DA8E00BADFCE /* training */ = {
			isa = PBXGroup;
			children = (
				996B891A2D02DA8E00BADFCE /* features.bin */,
				996B891B2D02DA8E00BADFCE /* metadata.json */,
			);
			path = training;
			sourceTree = "<group>";
		};
		996B891D2D02DA8E00BADFCE /* training-000000050.checkpoint */ = {
			isa = PBXGroup;
			children = (
				996B891E2D02DA8E00BADFCE /* model.pkg */,
			);
			path = "training-000000050.checkpoint";
			sourceTree = "<group>";
		};
		996B89202D02DA8E00BADFCE /* Models */ = {
			isa = PBXGroup;
			children = (
			);
			path = Models;
			sourceTree = "<group>";
		};
/* End PBXGroup section */

/* Begin PBXNativeTarget section */
		9944DDC32CF7D8300024C310 /* waste_classify */ = {
			isa = PBXNativeTarget;
			buildConfigurationList = 9944DDD22CF7D8330024C310 /* Build configuration list for PBXNativeTarget "waste_classify" */;
			buildPhases = (
				9944DDC02CF7D8300024C310 /* Sources */,
				9944DDC12CF7D8300024C310 /* Frameworks */,
				9944DDC22CF7D8300024C310 /* Resources */,
			);
			buildRules = (
			);
			dependencies = (
			);
			name = waste_classify;
			productName = waste_classify;
			productReference = 9944DDC42CF7D8300024C310 /* waste_classify.app */;
			productType = "com.apple.product-type.application";
		};
/* End PBXNativeTarget section */

/* Begin PBXProject section */
		9944DDBC2CF7D8300024C310 /* Project object */ = {
			isa = PBXProject;
			attributes = {
				BuildIndependentTargetsInParallel = 1;
				LastSwiftUpdateCheck = 1500;
				LastUpgradeCheck = 1500;
				TargetAttributes = {
					9944DDC32CF7D8300024C310 = {
						CreatedOnToolsVersion = 15.0;
					};
				};
			};
			buildConfigurationList = 9944DDBF2CF7D8300024C310 /* Build configuration list for PBXProject "waste_classify" */;
			compatibilityVersion = "Xcode 14.0";
			developmentRegion = en;
			hasScannedForEncodings = 0;
			knownRegions = (
				en,
				Base,
			);
			mainGroup = 9944DDBB2CF7D8300024C310;
			productRefGroup = 9944DDC52CF7D8300024C310 /* Products */;
			projectDirPath = "";
			projectRoot = "";
			targets = (
				9944DDC32CF7D8300024C310 /* waste_classify */,
			);
		};
/* End PBXProject section */

/* Begin PBXResourcesBuildPhase section */
		9944DDC22CF7D8300024C310 /* Resources */ = {
			isa = PBXResourcesBuildPhase;
			buildActionMask = 2147483647;
			files = (
				996B892B2D02DA8F00BADFCE /* features.bin in Resources */,
				996B89292D02DA8F00BADFCE /* WasteClassifierML.json in Resources */,
				996B892D2D02DA8F00BADFCE /* parameters.plist in Resources */,
				996B892F2D02DA8F00BADFCE /* meta.plist in Resources */,
				996B89272D02DA8F00BADFCE /* New Folder With Items.json in Resources */,
				9944DDCF2CF7D8330024C310 /* Preview Assets.xcassets in Resources */,
				996B89262D02DA8F00BADFCE /* TrashType_Image_Dataset.json in Resources */,
				996B892C2D02DA8F00BADFCE /* metadata.json in Resources */,
				996B892E2D02DA8F00BADFCE /* model.pkg in Resources */,
				996B89222D02DA8F00BADFCE /* WasteClassifierML Iteration 25.json in Resources */,
				996B89252D02DA8F00BADFCE /* train.json in Resources */,
				996B89282D02DA8F00BADFCE /* testing_data_trashtype.json in Resources */,
				9944DDCC2CF7D8330024C310 /* Assets.xcassets in Resources */,
				996B89242D02DA8F00BADFCE /* Project.json in Resources */,
			);
			runOnlyForDeploymentPostprocessing = 0;
		};
/* End PBXResourcesBuildPhase section */

/* Begin PBXSourcesBuildPhase section */
		9944DDC02CF7D8300024C310 /* Sources */ = {
			isa = PBXSourcesBuildPhase;
			buildActionMask = 2147483647;
			files = (
				99240E872CF8211A00704FA5 /* PhotoPicker.swift in Sources */,
				9944DDCA2CF7D8300024C310 /* ContentView.swift in Sources */,
				996B89232D02DA8F00BADFCE /* WasteClassifierML Iteration 25.mlmodel in Sources */,
				9944DDC82CF7D8300024C310 /* waste_classifyApp.swift in Sources */,
				996B892A2D02DA8F00BADFCE /* checkpointModel.mlmodel in Sources */,
				996B89302D02DA8F00BADFCE /* WasteClassifierML.mlmodel in Sources */,
			);
			runOnlyForDeploymentPostprocessing = 0;
		};
/* End PBXSourcesBuildPhase section */

/* Begin XCBuildConfiguration section */
		9944DDD02CF7D8330024C310 /* Debug */ = {
			isa = XCBuildConfiguration;
			buildSettings = {
				ALWAYS_SEARCH_USER_PATHS = NO;
				ASSETCATALOG_COMPILER_GENERATE_SWIFT_ASSET_SYMBOL_EXTENSIONS = YES;
				CLANG_ANALYZER_NONNULL = YES;
				CLANG_ANALYZER_NUMBER_OBJECT_CONVERSION = YES_AGGRESSIVE;
				CLANG_CXX_LANGUAGE_STANDARD = "gnu++20";
				CLANG_ENABLE_MODULES = YES;
				CLANG_ENABLE_OBJC_ARC = YES;
				CLANG_ENABLE_OBJC_WEAK = YES;
				CLANG_WARN_BLOCK_CAPTURE_AUTORELEASING = YES;
				CLANG_WARN_BOOL_CONVERSION = YES;
				CLANG_WARN_COMMA = YES;
				CLANG_WARN_CONSTANT_CONVERSION = YES;
				CLANG_WARN_DEPRECATED_OBJC_IMPLEMENTATIONS = YES;
				CLANG_WARN_DIRECT_OBJC_ISA_USAGE = YES_ERROR;
				CLANG_WARN_DOCUMENTATION_COMMENTS = YES;
				CLANG_WARN_EMPTY_BODY = YES;
				CLANG_WARN_ENUM_CONVERSION = YES;
				CLANG_WARN_INFINITE_RECURSION = YES;
				CLANG_WARN_INT_CONVERSION = YES;
				CLANG_WARN_NON_LITERAL_NULL_CONVERSION = YES;
				CLANG_WARN_OBJC_IMPLICIT_RETAIN_SELF = YES;
				CLANG_WARN_OBJC_LITERAL_CONVERSION = YES;
				CLANG_WARN_OBJC_ROOT_CLASS = YES_ERROR;
				CLANG_WARN_QUOTED_INCLUDE_IN_FRAMEWORK_HEADER = YES;
				CLANG_WARN_RANGE_LOOP_ANALYSIS = YES;
				CLANG_WARN_STRICT_PROTOTYPES = YES;
				CLANG_WARN_SUSPICIOUS_MOVE = YES;
				CLANG_WARN_UNGUARDED_AVAILABILITY = YES_AGGRESSIVE;
				CLANG_WARN_UNREACHABLE_CODE = YES;
				CLANG_WARN__DUPLICATE_METHOD_MATCH = YES;
				COPY_PHASE_STRIP = NO;
				DEBUG_INFORMATION_FORMAT = dwarf;
				ENABLE_STRICT_OBJC_MSGSEND = YES;
				ENABLE_TESTABILITY = YES;
				ENABLE_USER_SCRIPT_SANDBOXING = YES;
				GCC_C_LANGUAGE_STANDARD = gnu17;
				GCC_DYNAMIC_NO_PIC = NO;
				GCC_NO_COMMON_BLOCKS = YES;
				GCC_OPTIMIZATION_LEVEL = 0;
				GCC_PREPROCESSOR_DEFINITIONS = (
					"DEBUG=1",
					"$(inherited)",
				);
				GCC_WARN_64_TO_32_BIT_CONVERSION = YES;
				GCC_WARN_ABOUT_RETURN_TYPE = YES_ERROR;
				GCC_WARN_UNDECLARED_SELECTOR = YES;
				GCC_WARN_UNINITIALIZED_AUTOS = YES_AGGRESSIVE;
				GCC_WARN_UNUSED_FUNCTION = YES;
				GCC_WARN_UNUSED_VARIABLE = YES;
				IPHONEOS_DEPLOYMENT_TARGET = 17.0;
				LOCALIZATION_PREFERS_STRING_CATALOGS = YES;
				MTL_ENABLE_DEBUG_INFO = INCLUDE_SOURCE;
				MTL_FAST_MATH = YES;
				ONLY_ACTIVE_ARCH = YES;
				SDKROOT = iphoneos;
				SWIFT_ACTIVE_COMPILATION_CONDITIONS = "DEBUG $(inherited)";
				SWIFT_OPTIMIZATION_LEVEL = "-Onone";
			};
			name = Debug;
		};
		9944DDD12CF7D8330024C310 /* Release */ = {
			isa = XCBuildConfiguration;
			buildSettings = {
				ALWAYS_SEARCH_USER_PATHS = NO;
				ASSETCATALOG_COMPILER_GENERATE_SWIFT_ASSET_SYMBOL_EXTENSIONS = YES;
				CLANG_ANALYZER_NONNULL = YES;
				CLANG_ANALYZER_NUMBER_OBJECT_CONVERSION = YES_AGGRESSIVE;
				CLANG_CXX_LANGUAGE_STANDARD = "gnu++20";
				CLANG_ENABLE_MODULES = YES;
				CLANG_ENABLE_OBJC_ARC = YES;
				CLANG_ENABLE_OBJC_WEAK = YES;
				CLANG_WARN_BLOCK_CAPTURE_AUTORELEASING = YES;
				CLANG_WARN_BOOL_CONVERSION = YES;
				CLANG_WARN_COMMA = YES;
				CLANG_WARN_CONSTANT_CONVERSION = YES;
				CLANG_WARN_DEPRECATED_OBJC_IMPLEMENTATIONS = YES;
				CLANG_WARN_DIRECT_OBJC_ISA_USAGE = YES_ERROR;
				CLANG_WARN_DOCUMENTATION_COMMENTS = YES;
				CLANG_WARN_EMPTY_BODY = YES;
				CLANG_WARN_ENUM_CONVERSION = YES;
				CLANG_WARN_INFINITE_RECURSION = YES;
				CLANG_WARN_INT_CONVERSION = YES;
				CLANG_WARN_NON_LITERAL_NULL_CONVERSION = YES;
				CLANG_WARN_OBJC_IMPLICIT_RETAIN_SELF = YES;
				CLANG_WARN_OBJC_LITERAL_CONVERSION = YES;
				CLANG_WARN_OBJC_ROOT_CLASS = YES_ERROR;
				CLANG_WARN_QUOTED_INCLUDE_IN_FRAMEWORK_HEADER = YES;
				CLANG_WARN_RANGE_LOOP_ANALYSIS = YES;
				CLANG_WARN_STRICT_PROTOTYPES = YES;
				CLANG_WARN_SUSPICIOUS_MOVE = YES;
				CLANG_WARN_UNGUARDED_AVAILABILITY = YES_AGGRESSIVE;
				CLANG_WARN_UNREACHABLE_CODE = YES;
				CLANG_WARN__DUPLICATE_METHOD_MATCH = YES;
				COPY_PHASE_STRIP = NO;
				DEBUG_INFORMATION_FORMAT = "dwarf-with-dsym";
				ENABLE_NS_ASSERTIONS = NO;
				ENABLE_STRICT_OBJC_MSGSEND = YES;
				ENABLE_USER_SCRIPT_SANDBOXING = YES;
				GCC_C_LANGUAGE_STANDARD = gnu17;
				GCC_NO_COMMON_BLOCKS = YES;
				GCC_WARN_64_TO_32_BIT_CONVERSION = YES;
				GCC_WARN_ABOUT_RETURN_TYPE = YES_ERROR;
				GCC_WARN_UNDECLARED_SELECTOR = YES;
				GCC_WARN_UNINITIALIZED_AUTOS = YES_AGGRESSIVE;
				GCC_WARN_UNUSED_FUNCTION = YES;
				GCC_WARN_UNUSED_VARIABLE = YES;
				IPHONEOS_DEPLOYMENT_TARGET = 17.0;
				LOCALIZATION_PREFERS_STRING_CATALOGS = YES;
				MTL_ENABLE_DEBUG_INFO = NO;
				MTL_FAST_MATH = YES;
				SDKROOT = iphoneos;
				SWIFT_COMPILATION_MODE = wholemodule;
				VALIDATE_PRODUCT = YES;
			};
			name = Release;
		};
		9944DDD32CF7D8330024C310 /* Debug */ = {
			isa = XCBuildConfiguration;
			buildSettings = {
				ASSETCATALOG_COMPILER_APPICON_NAME = AppIcon;
				ASSETCATALOG_COMPILER_GLOBAL_ACCENT_COLOR_NAME = AccentColor;
				CODE_SIGN_STYLE = Automatic;
				CURRENT_PROJECT_VERSION = 1;
				DEVELOPMENT_ASSET_PATHS = "\"waste_classify/Preview Content\"";
				DEVELOPMENT_TEAM = Y89Z5B739W;
				ENABLE_PREVIEWS = YES;
				GENERATE_INFOPLIST_FILE = YES;
				INFOPLIST_KEY_UIApplicationSceneManifest_Generation = YES;
				INFOPLIST_KEY_UIApplicationSupportsIndirectInputEvents = YES;
				INFOPLIST_KEY_UILaunchScreen_Generation = YES;
				INFOPLIST_KEY_UISupportedInterfaceOrientations_iPad = "UIInterfaceOrientationPortrait UIInterfaceOrientationPortraitUpsideDown UIInterfaceOrientationLandscapeLeft UIInterfaceOrientationLandscapeRight";
				INFOPLIST_KEY_UISupportedInterfaceOrientations_iPhone = "UIInterfaceOrientationPortrait UIInterfaceOrientationLandscapeLeft UIInterfaceOrientationLandscapeRight";
				LD_RUNPATH_SEARCH_PATHS = (
					"$(inherited)",
					"@executable_path/Frameworks",
				);
				MARKETING_VERSION = 1.0;
				PRODUCT_BUNDLE_IDENTIFIER = "milymendez.waste-classify";
				PRODUCT_NAME = "$(TARGET_NAME)";
				SWIFT_EMIT_LOC_STRINGS = YES;
				SWIFT_VERSION = 5.0;
				TARGETED_DEVICE_FAMILY = "1,2";
			};
			name = Debug;
		};
		9944DDD42CF7D8330024C310 /* Release */ = {
			isa = XCBuildConfiguration;
			buildSettings = {
				ASSETCATALOG_COMPILER_APPICON_NAME = AppIcon;
				ASSETCATALOG_COMPILER_GLOBAL_ACCENT_COLOR_NAME = AccentColor;
				CODE_SIGN_STYLE = Automatic;
				CURRENT_PROJECT_VERSION = 1;
				DEVELOPMENT_ASSET_PATHS = "\"waste_classify/Preview Content\"";
				DEVELOPMENT_TEAM = Y89Z5B739W;
				ENABLE_PREVIEWS = YES;
				GENERATE_INFOPLIST_FILE = YES;
				INFOPLIST_KEY_UIApplicationSceneManifest_Generation = YES;
				INFOPLIST_KEY_UIApplicationSupportsIndirectInputEvents = YES;
				INFOPLIST_KEY_UILaunchScreen_Generation = YES;
				INFOPLIST_KEY_UISupportedInterfaceOrientations_iPad = "UIInterfaceOrientationPortrait UIInterfaceOrientationPortraitUpsideDown UIInterfaceOrientationLandscapeLeft UIInterfaceOrientationLandscapeRight";
				INFOPLIST_KEY_UISupportedInterfaceOrientations_iPhone = "UIInterfaceOrientationPortrait UIInterfaceOrientationLandscapeLeft UIInterfaceOrientationLandscapeRight";
				LD_RUNPATH_SEARCH_PATHS = (
					"$(inherited)",
					"@executable_path/Frameworks",
				);
				MARKETING_VERSION = 1.0;
				PRODUCT_BUNDLE_IDENTIFIER = "milymendez.waste-classify";
				PRODUCT_NAME = "$(TARGET_NAME)";
				SWIFT_EMIT_LOC_STRINGS = YES;
				SWIFT_VERSION = 5.0;
				TARGETED_DEVICE_FAMILY = "1,2";
			};
			name = Release;
		};
/* End XCBuildConfiguration section */

/* Begin XCConfigurationList section */
		9944DDBF2CF7D8300024C310 /* Build configuration list for PBXProject "waste_classify" */ = {
			isa = XCConfigurationList;
			buildConfigurations = (
				9944DDD02CF7D8330024C310 /* Debug */,
				9944DDD12CF7D8330024C310 /* Release */,
			);
			defaultConfigurationIsVisible = 0;
			defaultConfigurationName = Release;
		};
		9944DDD22CF7D8330024C310 /* Build configuration list for PBXNativeTarget "waste_classify" */ = {
			isa = XCConfigurationList;
			buildConfigurations = (
				9944DDD32CF7D8330024C310 /* Debug */,
				9944DDD42CF7D8330024C310 /* Release */,
			);
			defaultConfigurationIsVisible = 0;
			defaultConfigurationName = Release;
		};
/* End XCConfigurationList section */
	};
	rootObject = 9944DDBC2CF7D8300024C310 /* Project object */;
}
